// !$*UTF8*$!
{
	archiveVersion = 1;
	classes = {
	};
	objectVersion = 56;
	objects = {

/* Begin PBXBuildFile section */
		D219348629EDCCD800608433 /* ShakeyBellView.swift in Sources */ = {isa = PBXBuildFile; fileRef = D219348529EDCCD800608433 /* ShakeyBellView.swift */; };
		D226690A29DE0A9900843B52 /* DecimalUtils.swift in Sources */ = {isa = PBXBuildFile; fileRef = D226690929DE0A9900843B52 /* DecimalUtils.swift */; };
		D226690C29DE0B1A00843B52 /* CurrenceFormatter.swift in Sources */ = {isa = PBXBuildFile; fileRef = D226690B29DE0B1A00843B52 /* CurrenceFormatter.swift */; };
		D226691B29DF49A100843B52 /* CurrencyFormatterTests.swift in Sources */ = {isa = PBXBuildFile; fileRef = D226691A29DF49A100843B52 /* CurrencyFormatterTests.swift */; };
		D23AB73529D6014B00CA0C3F /* AppDelegate.swift in Sources */ = {isa = PBXBuildFile; fileRef = D23AB73429D6014B00CA0C3F /* AppDelegate.swift */; };
		D23AB73929D6014B00CA0C3F /* LoginViewController.swift in Sources */ = {isa = PBXBuildFile; fileRef = D23AB73829D6014B00CA0C3F /* LoginViewController.swift */; };
		D23AB73E29D6014C00CA0C3F /* Assets.xcassets in Resources */ = {isa = PBXBuildFile; fileRef = D23AB73D29D6014C00CA0C3F /* Assets.xcassets */; };
		D23AB74129D6014C00CA0C3F /* LaunchScreen.storyboard in Resources */ = {isa = PBXBuildFile; fileRef = D23AB73F29D6014C00CA0C3F /* LaunchScreen.storyboard */; };
		D23AB74C29D6063700CA0C3F /* LoginView.swift in Sources */ = {isa = PBXBuildFile; fileRef = D23AB74B29D6063700CA0C3F /* LoginView.swift */; };
		D23AB74F29D75CD500CA0C3F /* OnboardingContainerViewController.swift in Sources */ = {isa = PBXBuildFile; fileRef = D23AB74E29D75CD500CA0C3F /* OnboardingContainerViewController.swift */; };
		D23AB75129D76E5100CA0C3F /* OnboardingViewController.swift in Sources */ = {isa = PBXBuildFile; fileRef = D23AB75029D76E5100CA0C3F /* OnboardingViewController.swift */; };
		D24198DE29DB4A8B0028B1C0 /* DummyViewController.swift in Sources */ = {isa = PBXBuildFile; fileRef = D24198DD29DB4A8B0028B1C0 /* DummyViewController.swift */; };
		D24198E129DB5A220028B1C0 /* Localstate.swift in Sources */ = {isa = PBXBuildFile; fileRef = D24198E029DB5A220028B1C0 /* Localstate.swift */; };
		D24198E329DB68F50028B1C0 /* UIViewController+Utils.swift in Sources */ = {isa = PBXBuildFile; fileRef = D24198E229DB68F50028B1C0 /* UIViewController+Utils.swift */; };
		D24198E529DB6C2A0028B1C0 /* MainViewController.swift in Sources */ = {isa = PBXBuildFile; fileRef = D24198E429DB6C2A0028B1C0 /* MainViewController.swift */; };
		D2D058F029DC9F96009883B2 /* AccountSummaryViewController.swift in Sources */ = {isa = PBXBuildFile; fileRef = D2D058EF29DC9F96009883B2 /* AccountSummaryViewController.swift */; };
		D2D058F229DCA652009883B2 /* AccountSummaryHeaderView.swift in Sources */ = {isa = PBXBuildFile; fileRef = D2D058F129DCA652009883B2 /* AccountSummaryHeaderView.swift */; };
		D2D058F429DCA6F5009883B2 /* AccountSummaryHeaderView.xib in Resources */ = {isa = PBXBuildFile; fileRef = D2D058F329DCA6F5009883B2 /* AccountSummaryHeaderView.xib */; };
		D2D058F829DCC088009883B2 /* AccountSummaryCell.swift in Sources */ = {isa = PBXBuildFile; fileRef = D2D058F729DCC088009883B2 /* AccountSummaryCell.swift */; };
		D2F97E6429E87E9000B0123A /* UITextField+SecureToggle.swift in Sources */ = {isa = PBXBuildFile; fileRef = D2F97E6329E87E9000B0123A /* UITextField+SecureToggle.swift */; };
		D2F97E6629E880EF00B0123A /* NSNotificationName.swift in Sources */ = {isa = PBXBuildFile; fileRef = D2F97E6529E880EF00B0123A /* NSNotificationName.swift */; };
/* End PBXBuildFile section */

/* Begin PBXContainerItemProxy section */
		D226691529DF484300843B52 /* PBXContainerItemProxy */ = {
			isa = PBXContainerItemProxy;
			containerPortal = D23AB72929D6014B00CA0C3F /* Project object */;
			proxyType = 1;
			remoteGlobalIDString = D23AB73029D6014B00CA0C3F;
			remoteInfo = Bankey;
		};
/* End PBXContainerItemProxy section */

/* Begin PBXFileReference section */
		D219348529EDCCD800608433 /* ShakeyBellView.swift */ = {isa = PBXFileReference; lastKnownFileType = sourcecode.swift; path = ShakeyBellView.swift; sourceTree = "<group>"; };
		D226690929DE0A9900843B52 /* DecimalUtils.swift */ = {isa = PBXFileReference; lastKnownFileType = sourcecode.swift; path = DecimalUtils.swift; sourceTree = "<group>"; };
		D226690B29DE0B1A00843B52 /* CurrenceFormatter.swift */ = {isa = PBXFileReference; lastKnownFileType = sourcecode.swift; path = CurrenceFormatter.swift; sourceTree = "<group>"; };
		D226691129DF484300843B52 /* BankeyUnitTests.xctest */ = {isa = PBXFileReference; explicitFileType = wrapper.cfbundle; includeInIndex = 0; path = BankeyUnitTests.xctest; sourceTree = BUILT_PRODUCTS_DIR; };
		D226691A29DF49A100843B52 /* CurrencyFormatterTests.swift */ = {isa = PBXFileReference; lastKnownFileType = sourcecode.swift; path = CurrencyFormatterTests.swift; sourceTree = "<group>"; };
		D23AB73129D6014B00CA0C3F /* Bankey.app */ = {isa = PBXFileReference; explicitFileType = wrapper.application; includeInIndex = 0; path = Bankey.app; sourceTree = BUILT_PRODUCTS_DIR; };
		D23AB73429D6014B00CA0C3F /* AppDelegate.swift */ = {isa = PBXFileReference; lastKnownFileType = sourcecode.swift; path = AppDelegate.swift; sourceTree = "<group>"; };
		D23AB73829D6014B00CA0C3F /* LoginViewController.swift */ = {isa = PBXFileReference; lastKnownFileType = sourcecode.swift; path = LoginViewController.swift; sourceTree = "<group>"; };
		D23AB73D29D6014C00CA0C3F /* Assets.xcassets */ = {isa = PBXFileReference; lastKnownFileType = folder.assetcatalog; path = Assets.xcassets; sourceTree = "<group>"; };
		D23AB74029D6014C00CA0C3F /* Base */ = {isa = PBXFileReference; lastKnownFileType = file.storyboard; name = Base; path = Base.lproj/LaunchScreen.storyboard; sourceTree = "<group>"; };
		D23AB74229D6014C00CA0C3F /* Info.plist */ = {isa = PBXFileReference; lastKnownFileType = text.plist.xml; path = Info.plist; sourceTree = "<group>"; };
		D23AB74B29D6063700CA0C3F /* LoginView.swift */ = {isa = PBXFileReference; lastKnownFileType = sourcecode.swift; path = LoginView.swift; sourceTree = "<group>"; };
		D23AB74E29D75CD500CA0C3F /* OnboardingContainerViewController.swift */ = {isa = PBXFileReference; lastKnownFileType = sourcecode.swift; path = OnboardingContainerViewController.swift; sourceTree = "<group>"; };
		D23AB75029D76E5100CA0C3F /* OnboardingViewController.swift */ = {isa = PBXFileReference; lastKnownFileType = sourcecode.swift; path = OnboardingViewController.swift; sourceTree = "<group>"; };
		D24198DD29DB4A8B0028B1C0 /* DummyViewController.swift */ = {isa = PBXFileReference; lastKnownFileType = sourcecode.swift; path = DummyViewController.swift; sourceTree = "<group>"; };
		D24198E029DB5A220028B1C0 /* Localstate.swift */ = {isa = PBXFileReference; lastKnownFileType = sourcecode.swift; path = Localstate.swift; sourceTree = "<group>"; };
		D24198E229DB68F50028B1C0 /* UIViewController+Utils.swift */ = {isa = PBXFileReference; lastKnownFileType = sourcecode.swift; path = "UIViewController+Utils.swift"; sourceTree = "<group>"; };
		D24198E429DB6C2A0028B1C0 /* MainViewController.swift */ = {isa = PBXFileReference; lastKnownFileType = sourcecode.swift; path = MainViewController.swift; sourceTree = "<group>"; };
		D2D058EF29DC9F96009883B2 /* AccountSummaryViewController.swift */ = {isa = PBXFileReference; lastKnownFileType = sourcecode.swift; path = AccountSummaryViewController.swift; sourceTree = "<group>"; };
		D2D058F129DCA652009883B2 /* AccountSummaryHeaderView.swift */ = {isa = PBXFileReference; lastKnownFileType = sourcecode.swift; path = AccountSummaryHeaderView.swift; sourceTree = "<group>"; };
		D2D058F329DCA6F5009883B2 /* AccountSummaryHeaderView.xib */ = {isa = PBXFileReference; lastKnownFileType = file.xib; path = AccountSummaryHeaderView.xib; sourceTree = "<group>"; };
		D2D058F729DCC088009883B2 /* AccountSummaryCell.swift */ = {isa = PBXFileReference; lastKnownFileType = sourcecode.swift; path = AccountSummaryCell.swift; sourceTree = "<group>"; };
		D2F97E6329E87E9000B0123A /* UITextField+SecureToggle.swift */ = {isa = PBXFileReference; fileEncoding = 4; lastKnownFileType = sourcecode.swift; path = "UITextField+SecureToggle.swift"; sourceTree = "<group>"; };
		D2F97E6529E880EF00B0123A /* NSNotificationName.swift */ = {isa = PBXFileReference; fileEncoding = 4; lastKnownFileType = sourcecode.swift; path = NSNotificationName.swift; sourceTree = "<group>"; };
/* End PBXFileReference section */

/* Begin PBXFrameworksBuildPhase section */
		D226690E29DF484300843B52 /* Frameworks */ = {
			isa = PBXFrameworksBuildPhase;
			buildActionMask = 2147483647;
			files = (
			);
			runOnlyForDeploymentPostprocessing = 0;
		};
		D23AB72E29D6014B00CA0C3F /* Frameworks */ = {
			isa = PBXFrameworksBuildPhase;
			buildActionMask = 2147483647;
			files = (
			);
			runOnlyForDeploymentPostprocessing = 0;
		};
/* End PBXFrameworksBuildPhase section */

/* Begin PBXGroup section */
		D219348429EDCCB200608433 /* Components */ = {
			isa = PBXGroup;
			children = (
				D219348529EDCCD800608433 /* ShakeyBellView.swift */,
			);
			path = Components;
			sourceTree = "<group>";
		};
		D226691229DF484300843B52 /* BankeyUnitTests */ = {
			isa = PBXGroup;
			children = (
				D226691A29DF49A100843B52 /* CurrencyFormatterTests.swift */,
			);
			path = BankeyUnitTests;
			sourceTree = "<group>";
		};
		D23AB72829D6014B00CA0C3F = {
			isa = PBXGroup;
			children = (
				D23AB73329D6014B00CA0C3F /* Bankey */,
				D226691229DF484300843B52 /* BankeyUnitTests */,
				D23AB73229D6014B00CA0C3F /* Products */,
			);
			sourceTree = "<group>";
		};
		D23AB73229D6014B00CA0C3F /* Products */ = {
			isa = PBXGroup;
			children = (
				D23AB73129D6014B00CA0C3F /* Bankey.app */,
				D226691129DF484300843B52 /* BankeyUnitTests.xctest */,
			);
			name = Products;
			sourceTree = "<group>";
		};
		D23AB73329D6014B00CA0C3F /* Bankey */ = {
			isa = PBXGroup;
			children = (
				D219348429EDCCB200608433 /* Components */,
				D23AB73429D6014B00CA0C3F /* AppDelegate.swift */,
				D24198E429DB6C2A0028B1C0 /* MainViewController.swift */,
				D23AB74A29D6060800CA0C3F /* Login */,
				D23AB74D29D75C7C00CA0C3F /* Onboarding */,
				D2D058EE29DC9F51009883B2 /* AccountSummary */,
				D24198DF29DB5A0F0028B1C0 /* Utils */,
				D23AB74929D605C700CA0C3F /* Files */,
			);
			path = Bankey;
			sourceTree = "<group>";
		};
		D23AB74929D605C700CA0C3F /* Files */ = {
			isa = PBXGroup;
			children = (
				D23AB73D29D6014C00CA0C3F /* Assets.xcassets */,
				D23AB73F29D6014C00CA0C3F /* LaunchScreen.storyboard */,
				D23AB74229D6014C00CA0C3F /* Info.plist */,
			);
			name = Files;
			sourceTree = "<group>";
		};
		D23AB74A29D6060800CA0C3F /* Login */ = {
			isa = PBXGroup;
			children = (
				D23AB74B29D6063700CA0C3F /* LoginView.swift */,
				D23AB73829D6014B00CA0C3F /* LoginViewController.swift */,
				D24198DD29DB4A8B0028B1C0 /* DummyViewController.swift */,
			);
			path = Login;
			sourceTree = "<group>";
		};
		D23AB74D29D75C7C00CA0C3F /* Onboarding */ = {
			isa = PBXGroup;
			children = (
				D23AB74E29D75CD500CA0C3F /* OnboardingContainerViewController.swift */,
				D23AB75029D76E5100CA0C3F /* OnboardingViewController.swift */,
			);
			path = Onboarding;
			sourceTree = "<group>";
		};
		D24198DF29DB5A0F0028B1C0 /* Utils */ = {
			isa = PBXGroup;
			children = (
				D2F97E6529E880EF00B0123A /* NSNotificationName.swift */,
				D2F97E6329E87E9000B0123A /* UITextField+SecureToggle.swift */,
				D24198E029DB5A220028B1C0 /* Localstate.swift */,
				D24198E229DB68F50028B1C0 /* UIViewController+Utils.swift */,
				D226690929DE0A9900843B52 /* DecimalUtils.swift */,
				D226690B29DE0B1A00843B52 /* CurrenceFormatter.swift */,
			);
			path = Utils;
			sourceTree = "<group>";
		};
		D2D058EE29DC9F51009883B2 /* AccountSummary */ = {
			isa = PBXGroup;
			children = (
				D2D058EF29DC9F96009883B2 /* AccountSummaryViewController.swift */,
				D2D058F529DCC029009883B2 /* Header */,
				D2D058F629DCC048009883B2 /* Cell */,
			);
			path = AccountSummary;
			sourceTree = "<group>";
		};
		D2D058F529DCC029009883B2 /* Header */ = {
			isa = PBXGroup;
			children = (
				D2D058F129DCA652009883B2 /* AccountSummaryHeaderView.swift */,
				D2D058F329DCA6F5009883B2 /* AccountSummaryHeaderView.xib */,
			);
			path = Header;
			sourceTree = "<group>";
		};
		D2D058F629DCC048009883B2 /* Cell */ = {
			isa = PBXGroup;
			children = (
				D2D058F729DCC088009883B2 /* AccountSummaryCell.swift */,
			);
			path = Cell;
			sourceTree = "<group>";
		};
/* End PBXGroup section */

/* Begin PBXNativeTarget section */
		D226691029DF484300843B52 /* BankeyUnitTests */ = {
			isa = PBXNativeTarget;
			buildConfigurationList = D226691729DF484300843B52 /* Build configuration list for PBXNativeTarget "BankeyUnitTests" */;
			buildPhases = (
				D226690D29DF484300843B52 /* Sources */,
				D226690E29DF484300843B52 /* Frameworks */,
				D226690F29DF484300843B52 /* Resources */,
			);
			buildRules = (
			);
			dependencies = (
				D226691629DF484300843B52 /* PBXTargetDependency */,
			);
			name = BankeyUnitTests;
			productName = BankeyUnitTests;
			productReference = D226691129DF484300843B52 /* BankeyUnitTests.xctest */;
			productType = "com.apple.product-type.bundle.unit-test";
		};
		D23AB73029D6014B00CA0C3F /* Bankey */ = {
			isa = PBXNativeTarget;
			buildConfigurationList = D23AB74529D6014C00CA0C3F /* Build configuration list for PBXNativeTarget "Bankey" */;
			buildPhases = (
				D23AB72D29D6014B00CA0C3F /* Sources */,
				D23AB72E29D6014B00CA0C3F /* Frameworks */,
				D23AB72F29D6014B00CA0C3F /* Resources */,
			);
			buildRules = (
			);
			dependencies = (
			);
			name = Bankey;
			productName = Bankey;
			productReference = D23AB73129D6014B00CA0C3F /* Bankey.app */;
			productType = "com.apple.product-type.application";
		};
/* End PBXNativeTarget section */

/* Begin PBXProject section */
		D23AB72929D6014B00CA0C3F /* Project object */ = {
			isa = PBXProject;
			attributes = {
				BuildIndependentTargetsInParallel = 1;
				LastSwiftUpdateCheck = 1420;
				LastUpgradeCheck = 1420;
				TargetAttributes = {
					D226691029DF484300843B52 = {
						CreatedOnToolsVersion = 14.2;
						LastSwiftMigration = 1420;
						TestTargetID = D23AB73029D6014B00CA0C3F;
					};
					D23AB73029D6014B00CA0C3F = {
						CreatedOnToolsVersion = 14.2;
					};
				};
			};
			buildConfigurationList = D23AB72C29D6014B00CA0C3F /* Build configuration list for PBXProject "Bankey" */;
			compatibilityVersion = "Xcode 14.0";
			developmentRegion = en;
			hasScannedForEncodings = 0;
			knownRegions = (
				en,
				Base,
			);
			mainGroup = D23AB72829D6014B00CA0C3F;
			productRefGroup = D23AB73229D6014B00CA0C3F /* Products */;
			projectDirPath = "";
			projectRoot = "";
			targets = (
				D23AB73029D6014B00CA0C3F /* Bankey */,
				D226691029DF484300843B52 /* BankeyUnitTests */,
			);
		};
/* End PBXProject section */

/* Begin PBXResourcesBuildPhase section */
		D226690F29DF484300843B52 /* Resources */ = {
			isa = PBXResourcesBuildPhase;
			buildActionMask = 2147483647;
			files = (
			);
			runOnlyForDeploymentPostprocessing = 0;
		};
		D23AB72F29D6014B00CA0C3F /* Resources */ = {
			isa = PBXResourcesBuildPhase;
			buildActionMask = 2147483647;
			files = (
				D2D058F429DCA6F5009883B2 /* AccountSummaryHeaderView.xib in Resources */,
				D23AB74129D6014C00CA0C3F /* LaunchScreen.storyboard in Resources */,
				D23AB73E29D6014C00CA0C3F /* Assets.xcassets in Resources */,
			);
			runOnlyForDeploymentPostprocessing = 0;
		};
/* End PBXResourcesBuildPhase section */

/* Begin PBXSourcesBuildPhase section */
		D226690D29DF484300843B52 /* Sources */ = {
			isa = PBXSourcesBuildPhase;
			buildActionMask = 2147483647;
			files = (
				D226691B29DF49A100843B52 /* CurrencyFormatterTests.swift in Sources */,
			);
			runOnlyForDeploymentPostprocessing = 0;
		};
		D23AB72D29D6014B00CA0C3F /* Sources */ = {
			isa = PBXSourcesBuildPhase;
			buildActionMask = 2147483647;
			files = (
				D24198E329DB68F50028B1C0 /* UIViewController+Utils.swift in Sources */,
				D23AB74C29D6063700CA0C3F /* LoginView.swift in Sources */,
				D24198DE29DB4A8B0028B1C0 /* DummyViewController.swift in Sources */,
				D2D058F229DCA652009883B2 /* AccountSummaryHeaderView.swift in Sources */,
				D23AB73929D6014B00CA0C3F /* LoginViewController.swift in Sources */,
				D2F97E6429E87E9000B0123A /* UITextField+SecureToggle.swift in Sources */,
				D226690A29DE0A9900843B52 /* DecimalUtils.swift in Sources */,
				D23AB75129D76E5100CA0C3F /* OnboardingViewController.swift in Sources */,
				D226690C29DE0B1A00843B52 /* CurrenceFormatter.swift in Sources */,
				D2D058F829DCC088009883B2 /* AccountSummaryCell.swift in Sources */,
				D219348629EDCCD800608433 /* ShakeyBellView.swift in Sources */,
				D23AB73529D6014B00CA0C3F /* AppDelegate.swift in Sources */,
				D24198E529DB6C2A0028B1C0 /* MainViewController.swift in Sources */,
				D2F97E6629E880EF00B0123A /* NSNotificationName.swift in Sources */,
				D2D058F029DC9F96009883B2 /* AccountSummaryViewController.swift in Sources */,
				D23AB74F29D75CD500CA0C3F /* OnboardingContainerViewController.swift in Sources */,
				D24198E129DB5A220028B1C0 /* Localstate.swift in Sources */,
			);
			runOnlyForDeploymentPostprocessing = 0;
		};
/* End PBXSourcesBuildPhase section */

/* Begin PBXTargetDependency section */
		D226691629DF484300843B52 /* PBXTargetDependency */ = {
			isa = PBXTargetDependency;
			target = D23AB73029D6014B00CA0C3F /* Bankey */;
			targetProxy = D226691529DF484300843B52 /* PBXContainerItemProxy */;
		};
/* End PBXTargetDependency section */

/* Begin PBXVariantGroup section */
		D23AB73F29D6014C00CA0C3F /* LaunchScreen.storyboard */ = {
			isa = PBXVariantGroup;
			children = (
				D23AB74029D6014C00CA0C3F /* Base */,
			);
			name = LaunchScreen.storyboard;
			sourceTree = "<group>";
		};
/* End PBXVariantGroup section */

/* Begin XCBuildConfiguration section */
		D226691829DF484300843B52 /* Debug */ = {
			isa = XCBuildConfiguration;
			buildSettings = {
				BUNDLE_LOADER = "$(TEST_HOST)";
				CLANG_ENABLE_MODULES = YES;
				CODE_SIGN_STYLE = Automatic;
				CURRENT_PROJECT_VERSION = 1;
				DEVELOPMENT_TEAM = 263SAWVFCC;
				GENERATE_INFOPLIST_FILE = YES;
				LD_RUNPATH_SEARCH_PATHS = (
					"$(inherited)",
					"@executable_path/Frameworks",
					"@loader_path/Frameworks",
				);
				MARKETING_VERSION = 1.0;
				PRODUCT_BUNDLE_IDENTIFIER = com.smp.BankeyUnitTests;
				PRODUCT_NAME = "$(TARGET_NAME)";
				SWIFT_EMIT_LOC_STRINGS = NO;
				SWIFT_OPTIMIZATION_LEVEL = "-Onone";
				SWIFT_VERSION = 5.0;
				TARGETED_DEVICE_FAMILY = "1,2";
				TEST_HOST = "$(BUILT_PRODUCTS_DIR)/Bankey.app/$(BUNDLE_EXECUTABLE_FOLDER_PATH)/Bankey";
			};
			name = Debug;
		};
		D226691929DF484300843B52 /* Release */ = {
			isa = XCBuildConfiguration;
			buildSettings = {
				BUNDLE_LOADER = "$(TEST_HOST)";
				CLANG_ENABLE_MODULES = YES;
				CODE_SIGN_STYLE = Automatic;
				CURRENT_PROJECT_VERSION = 1;
				DEVELOPMENT_TEAM = 263SAWVFCC;
				GENERATE_INFOPLIST_FILE = YES;
				LD_RUNPATH_SEARCH_PATHS = (
					"$(inherited)",
					"@executable_path/Frameworks",
					"@loader_path/Frameworks",
				);
				MARKETING_VERSION = 1.0;
				PRODUCT_BUNDLE_IDENTIFIER = com.smp.BankeyUnitTests;
				PRODUCT_NAME = "$(TARGET_NAME)";
				SWIFT_EMIT_LOC_STRINGS = NO;
				SWIFT_VERSION = 5.0;
				TARGETED_DEVICE_FAMILY = "1,2";
				TEST_HOST = "$(BUILT_PRODUCTS_DIR)/Bankey.app/$(BUNDLE_EXECUTABLE_FOLDER_PATH)/Bankey";
			};
			name = Release;
		};
		D23AB74329D6014C00CA0C3F /* Debug */ = {
			isa = XCBuildConfiguration;
			buildSettings = {
				ALWAYS_SEARCH_USER_PATHS = NO;
				CLANG_ANALYZER_NONNULL = YES;
				CLANG_ANALYZER_NUMBER_OBJECT_CONVERSION = YES_AGGRESSIVE;
				CLANG_CXX_LANGUAGE_STANDARD = "gnu++20";
				CLANG_ENABLE_MODULES = YES;
				CLANG_ENABLE_OBJC_ARC = YES;
				CLANG_ENABLE_OBJC_WEAK = YES;
				CLANG_WARN_BLOCK_CAPTURE_AUTORELEASING = YES;
				CLANG_WARN_BOOL_CONVERSION = YES;
				CLANG_WARN_COMMA = YES;
				CLANG_WARN_CONSTANT_CONVERSION = YES;
				CLANG_WARN_DEPRECATED_OBJC_IMPLEMENTATIONS = YES;
				CLANG_WARN_DIRECT_OBJC_ISA_USAGE = YES_ERROR;
				CLANG_WARN_DOCUMENTATION_COMMENTS = YES;
				CLANG_WARN_EMPTY_BODY = YES;
				CLANG_WARN_ENUM_CONVERSION = YES;
				CLANG_WARN_INFINITE_RECURSION = YES;
				CLANG_WARN_INT_CONVERSION = YES;
				CLANG_WARN_NON_LITERAL_NULL_CONVERSION = YES;
				CLANG_WARN_OBJC_IMPLICIT_RETAIN_SELF = YES;
				CLANG_WARN_OBJC_LITERAL_CONVERSION = YES;
				CLANG_WARN_OBJC_ROOT_CLASS = YES_ERROR;
				CLANG_WARN_QUOTED_INCLUDE_IN_FRAMEWORK_HEADER = YES;
				CLANG_WARN_RANGE_LOOP_ANALYSIS = YES;
				CLANG_WARN_STRICT_PROTOTYPES = YES;
				CLANG_WARN_SUSPICIOUS_MOVE = YES;
				CLANG_WARN_UNGUARDED_AVAILABILITY = YES_AGGRESSIVE;
				CLANG_WARN_UNREACHABLE_CODE = YES;
				CLANG_WARN__DUPLICATE_METHOD_MATCH = YES;
				COPY_PHASE_STRIP = NO;
				DEBUG_INFORMATION_FORMAT = dwarf;
				ENABLE_STRICT_OBJC_MSGSEND = YES;
				ENABLE_TESTABILITY = YES;
				GCC_C_LANGUAGE_STANDARD = gnu11;
				GCC_DYNAMIC_NO_PIC = NO;
				GCC_NO_COMMON_BLOCKS = YES;
				GCC_OPTIMIZATION_LEVEL = 0;
				GCC_PREPROCESSOR_DEFINITIONS = (
					"DEBUG=1",
					"$(inherited)",
				);
				GCC_WARN_64_TO_32_BIT_CONVERSION = YES;
				GCC_WARN_ABOUT_RETURN_TYPE = YES_ERROR;
				GCC_WARN_UNDECLARED_SELECTOR = YES;
				GCC_WARN_UNINITIALIZED_AUTOS = YES_AGGRESSIVE;
				GCC_WARN_UNUSED_FUNCTION = YES;
				GCC_WARN_UNUSED_VARIABLE = YES;
				IPHONEOS_DEPLOYMENT_TARGET = 16.2;
				MTL_ENABLE_DEBUG_INFO = INCLUDE_SOURCE;
				MTL_FAST_MATH = YES;
				ONLY_ACTIVE_ARCH = YES;
				SDKROOT = iphoneos;
				SWIFT_ACTIVE_COMPILATION_CONDITIONS = DEBUG;
				SWIFT_OPTIMIZATION_LEVEL = "-Onone";
			};
			name = Debug;
		};
		D23AB74429D6014C00CA0C3F /* Release */ = {
			isa = XCBuildConfiguration;
			buildSettings = {
				ALWAYS_SEARCH_USER_PATHS = NO;
				CLANG_ANALYZER_NONNULL = YES;
				CLANG_ANALYZER_NUMBER_OBJECT_CONVERSION = YES_AGGRESSIVE;
				CLANG_CXX_LANGUAGE_STANDARD = "gnu++20";
				CLANG_ENABLE_MODULES = YES;
				CLANG_ENABLE_OBJC_ARC = YES;
				CLANG_ENABLE_OBJC_WEAK = YES;
				CLANG_WARN_BLOCK_CAPTURE_AUTORELEASING = YES;
				CLANG_WARN_BOOL_CONVERSION = YES;
				CLANG_WARN_COMMA = YES;
				CLANG_WARN_CONSTANT_CONVERSION = YES;
				CLANG_WARN_DEPRECATED_OBJC_IMPLEMENTATIONS = YES;
				CLANG_WARN_DIRECT_OBJC_ISA_USAGE = YES_ERROR;
				CLANG_WARN_DOCUMENTATION_COMMENTS = YES;
				CLANG_WARN_EMPTY_BODY = YES;
				CLANG_WARN_ENUM_CONVERSION = YES;
				CLANG_WARN_INFINITE_RECURSION = YES;
				CLANG_WARN_INT_CONVERSION = YES;
				CLANG_WARN_NON_LITERAL_NULL_CONVERSION = YES;
				CLANG_WARN_OBJC_IMPLICIT_RETAIN_SELF = YES;
				CLANG_WARN_OBJC_LITERAL_CONVERSION = YES;
				CLANG_WARN_OBJC_ROOT_CLASS = YES_ERROR;
				CLANG_WARN_QUOTED_INCLUDE_IN_FRAMEWORK_HEADER = YES;
				CLANG_WARN_RANGE_LOOP_ANALYSIS = YES;
				CLANG_WARN_STRICT_PROTOTYPES = YES;
				CLANG_WARN_SUSPICIOUS_MOVE = YES;
				CLANG_WARN_UNGUARDED_AVAILABILITY = YES_AGGRESSIVE;
				CLANG_WARN_UNREACHABLE_CODE = YES;
				CLANG_WARN__DUPLICATE_METHOD_MATCH = YES;
				COPY_PHASE_STRIP = NO;
				DEBUG_INFORMATION_FORMAT = "dwarf-with-dsym";
				ENABLE_NS_ASSERTIONS = NO;
				ENABLE_STRICT_OBJC_MSGSEND = YES;
				GCC_C_LANGUAGE_STANDARD = gnu11;
				GCC_NO_COMMON_BLOCKS = YES;
				GCC_WARN_64_TO_32_BIT_CONVERSION = YES;
				GCC_WARN_ABOUT_RETURN_TYPE = YES_ERROR;
				GCC_WARN_UNDECLARED_SELECTOR = YES;
				GCC_WARN_UNINITIALIZED_AUTOS = YES_AGGRESSIVE;
				GCC_WARN_UNUSED_FUNCTION = YES;
				GCC_WARN_UNUSED_VARIABLE = YES;
				IPHONEOS_DEPLOYMENT_TARGET = 16.2;
				MTL_ENABLE_DEBUG_INFO = NO;
				MTL_FAST_MATH = YES;
				SDKROOT = iphoneos;
				SWIFT_COMPILATION_MODE = wholemodule;
				SWIFT_OPTIMIZATION_LEVEL = "-O";
				VALIDATE_PRODUCT = YES;
			};
			name = Release;
		};
		D23AB74629D6014C00CA0C3F /* Debug */ = {
			isa = XCBuildConfiguration;
			buildSettings = {
				ASSETCATALOG_COMPILER_APPICON_NAME = AppIcon;
				ASSETCATALOG_COMPILER_GLOBAL_ACCENT_COLOR_NAME = AccentColor;
				CODE_SIGN_STYLE = Automatic;
				CURRENT_PROJECT_VERSION = 1;
				DEVELOPMENT_TEAM = 263SAWVFCC;
				GENERATE_INFOPLIST_FILE = YES;
				INFOPLIST_FILE = Bankey/Info.plist;
				INFOPLIST_KEY_UIApplicationSupportsIndirectInputEvents = YES;
				INFOPLIST_KEY_UILaunchStoryboardName = LaunchScreen;
				INFOPLIST_KEY_UISupportedInterfaceOrientations_iPad = "UIInterfaceOrientationPortrait UIInterfaceOrientationPortraitUpsideDown UIInterfaceOrientationLandscapeLeft UIInterfaceOrientationLandscapeRight";
				INFOPLIST_KEY_UISupportedInterfaceOrientations_iPhone = "UIInterfaceOrientationPortrait UIInterfaceOrientationLandscapeLeft UIInterfaceOrientationLandscapeRight";
				IPHONEOS_DEPLOYMENT_TARGET = 15.2;
				LD_RUNPATH_SEARCH_PATHS = (
					"$(inherited)",
					"@executable_path/Frameworks",
				);
				MARKETING_VERSION = 1.0;
				PRODUCT_BUNDLE_IDENTIFIER = com.smp.Bankey;
				PRODUCT_NAME = "$(TARGET_NAME)";
				SWIFT_EMIT_LOC_STRINGS = YES;
				SWIFT_VERSION = 5.0;
				TARGETED_DEVICE_FAMILY = "1,2";
			};
			name = Debug;
		};
		D23AB74729D6014C00CA0C3F /* Release */ = {
			isa = XCBuildConfiguration;
			buildSettings = {
				ASSETCATALOG_COMPILER_APPICON_NAME = AppIcon;
				ASSETCATALOG_COMPILER_GLOBAL_ACCENT_COLOR_NAME = AccentColor;
				CODE_SIGN_STYLE = Automatic;
				CURRENT_PROJECT_VERSION = 1;
				DEVELOPMENT_TEAM = 263SAWVFCC;
				GENERATE_INFOPLIST_FILE = YES;
				INFOPLIST_FILE = Bankey/Info.plist;
				INFOPLIST_KEY_UIApplicationSupportsIndirectInputEvents = YES;
				INFOPLIST_KEY_UILaunchStoryboardName = LaunchScreen;
				INFOPLIST_KEY_UISupportedInterfaceOrientations_iPad = "UIInterfaceOrientationPortrait UIInterfaceOrientationPortraitUpsideDown UIInterfaceOrientationLandscapeLeft UIInterfaceOrientationLandscapeRight";
				INFOPLIST_KEY_UISupportedInterfaceOrientations_iPhone = "UIInterfaceOrientationPortrait UIInterfaceOrientationLandscapeLeft UIInterfaceOrientationLandscapeRight";
				IPHONEOS_DEPLOYMENT_TARGET = 15.2;
				LD_RUNPATH_SEARCH_PATHS = (
					"$(inherited)",
					"@executable_path/Frameworks",
				);
				MARKETING_VERSION = 1.0;
				PRODUCT_BUNDLE_IDENTIFIER = com.smp.Bankey;
				PRODUCT_NAME = "$(TARGET_NAME)";
				SWIFT_EMIT_LOC_STRINGS = YES;
				SWIFT_VERSION = 5.0;
				TARGETED_DEVICE_FAMILY = "1,2";
			};
			name = Release;
		};
/* End XCBuildConfiguration section */

/* Begin XCConfigurationList section */
		D226691729DF484300843B52 /* Build configuration list for PBXNativeTarget "BankeyUnitTests" */ = {
			isa = XCConfigurationList;
			buildConfigurations = (
				D226691829DF484300843B52 /* Debug */,
				D226691929DF484300843B52 /* Release */,
			);
			defaultConfigurationIsVisible = 0;
			defaultConfigurationName = Release;
		};
		D23AB72C29D6014B00CA0C3F /* Build configuration list for PBXProject "Bankey" */ = {
			isa = XCConfigurationList;
			buildConfigurations = (
				D23AB74329D6014C00CA0C3F /* Debug */,
				D23AB74429D6014C00CA0C3F /* Release */,
			);
			defaultConfigurationIsVisible = 0;
			defaultConfigurationName = Release;
		};
		D23AB74529D6014C00CA0C3F /* Build configuration list for PBXNativeTarget "Bankey" */ = {
			isa = XCConfigurationList;
			buildConfigurations = (
				D23AB74629D6014C00CA0C3F /* Debug */,
				D23AB74729D6014C00CA0C3F /* Release */,
			);
			defaultConfigurationIsVisible = 0;
			defaultConfigurationName = Release;
		};
/* End XCConfigurationList section */
	};
	rootObject = D23AB72929D6014B00CA0C3F /* Project object */;
}
